// !$*UTF8*$!
{
	archiveVersion = 1;
	classes = {
	};
	objectVersion = 56;
	objects = {

/* Begin PBXBuildFile section */
		07664C44CFE9C9388D625DBE /* ErrorHandlingManager.swift in Sources */ = {isa = PBXBuildFile; fileRef = 8BF11CFBE3ADAEE1B83C98C3 /* ErrorHandlingManager.swift */; };
		081D365AD65ADD447CA5F2D2 /* AudioControlsView.swift in Sources */ = {isa = PBXBuildFile; fileRef = D6ED4FB422F00F4730B2A36C /* AudioControlsView.swift */; };
		2375B452EEDF1DBBCD63FE4C /* ModernGlassButton.swift in Sources */ = {isa = PBXBuildFile; fileRef = 9497073E94A938BA551F9CBE /* ModernGlassButton.swift */; };
		31627D0D77FA292CFDF0B17D /* ContentView.swift in Sources */ = {isa = PBXBuildFile; fileRef = AF7540A216277A8B87D046DB /* ContentView.swift */; };
		3D514D7345938CC1D1CE4779 /* MemoryManager.swift in Sources */ = {isa = PBXBuildFile; fileRef = 619B7795ACEC68A7967E9FF1 /* MemoryManager.swift */; };
		46C068978873CC24B8F61D12 /* VideoQuality.swift in Sources */ = {isa = PBXBuildFile; fileRef = 17252F9D08595F836950FE58 /* VideoQuality.swift */; };
		4A988EF501A0EC8F40AD1F88 /* TripleOutputControlView.swift in Sources */ = {isa = PBXBuildFile; fileRef = 89DDCA7444D82DE363B1A05E /* TripleOutputControlView.swift */; };
		5255AAD6154E394DC840655E /* AdvancedCameraControlsManager.swift in Sources */ = {isa = PBXBuildFile; fileRef = DC749B48E761859DBE734A3A /* AdvancedCameraControlsManager.swift */; };
		5765CFA44D46E69AE82B2122 /* BatteryManager.swift in Sources */ = {isa = PBXBuildFile; fileRef = A757744EFD73B001BD2210D8 /* BatteryManager.swift */; };
		5869F7337293BE33BC8554BE /* StartupOptimizer.swift in Sources */ = {isa = PBXBuildFile; fileRef = 6137DCC063E83726503F4551 /* StartupOptimizer.swift */; };
		72B04DC27F0DF4791A0C3886 /* VisualCountdownView.swift in Sources */ = {isa = PBXBuildFile; fileRef = 20692F49C74B0B53711886BD /* VisualCountdownView.swift */; };
		7D464E6A4483F51E5D8A87D7 /* CameraControlsView.swift in Sources */ = {isa = PBXBuildFile; fileRef = A4CA58005DF586397D2CC54E /* CameraControlsView.swift */; };
		7DB93E0873BEA11EDB16CAE6 /* AudioManager.swift in Sources */ = {isa = PBXBuildFile; fileRef = 51797252ED03CAC80FFE54B3 /* AudioManager.swift */; };
		800B815A134E4E6C993A5BFE /* ThermalManager.swift in Sources */ = {isa = PBXBuildFile; fileRef = C209188E3C80E94D70AF972F /* ThermalManager.swift */; };
		8DFCA3A4DA5F29C3FAC177A7 /* Extensions.swift in Sources */ = {isa = PBXBuildFile; fileRef = FF37E2854B01B45FCB5BFC45 /* Extensions.swift */; };
		A1000001294A0000000000001 /* AppDelegate.swift in Sources */ = {isa = PBXBuildFile; fileRef = A1000002294A0000000000001 /* AppDelegate.swift */; };
		A1000003294A0000000000001 /* SceneDelegate.swift in Sources */ = {isa = PBXBuildFile; fileRef = A1000004294A0000000000001 /* SceneDelegate.swift */; };
		A1000005294A0000000000001 /* ViewController.swift in Sources */ = {isa = PBXBuildFile; fileRef = A1000006294A0000000000001 /* ViewController.swift */; };
		A1000007294A0000000000001 /* DualCameraManager.swift in Sources */ = {isa = PBXBuildFile; fileRef = A1000008294A0000000000001 /* DualCameraManager.swift */; };
		A1000009294A0000000000001 /* VideoMerger.swift in Sources */ = {isa = PBXBuildFile; fileRef = A1000010294A0000000000001 /* VideoMerger.swift */; };
		A1000011294A0000000000001 /* GlassmorphismView.swift in Sources */ = {isa = PBXBuildFile; fileRef = A1000012294A0000000000001 /* GlassmorphismView.swift */; };
		A1000013294A0000000000001 /* LaunchScreen.storyboard in Resources */ = {isa = PBXBuildFile; fileRef = A1000014294A0000000000001 /* LaunchScreen.storyboard */; };
		A1000015294A0000000000001 /* Assets.xcassets in Resources */ = {isa = PBXBuildFile; fileRef = A1000016294A0000000000001 /* Assets.xcassets */; };
		A1000024294A0000000000001 /* VideoGalleryViewController.swift in Sources */ = {isa = PBXBuildFile; fileRef = A1000025294A0000000000001 /* VideoGalleryViewController.swift */; };
		A1000026294A0000000000001 /* FrameCompositor.swift in Sources */ = {isa = PBXBuildFile; fileRef = A1000027294A0000000000001 /* FrameCompositor.swift */; };
		A1000028294A0000000000001 /* PerformanceMonitor.swift in Sources */ = {isa = PBXBuildFile; fileRef = A1000029294A0000000000001 /* PerformanceMonitor.swift */; };
		A1000030294A0000000000001 /* PermissionManager.swift in Sources */ = {isa = PBXBuildFile; fileRef = A1000031294A0000000000001 /* PermissionManager.swift */; };
		A1000032294A0000000000001 /* CameraPreviewView.swift in Sources */ = {isa = PBXBuildFile; fileRef = A1000033294A0000000000001 /* CameraPreviewView.swift */; };
		BCD64404782FFD8A5405A81C /* SettingsManager.swift in Sources */ = {isa = PBXBuildFile; fileRef = 131D614AD4856D74CCA7198A /* SettingsManager.swift */; };
		CB10FC1B13DBEC6B05EBC9DF /* HapticFeedbackManager.swift in Sources */ = {isa = PBXBuildFile; fileRef = 16F1F01EEFBBBF531E240525 /* HapticFeedbackManager.swift */; };
		D75403C38BB8AD8676A39D16 /* DesignSystem.swift in Sources */ = {isa = PBXBuildFile; fileRef = E6A855E0AA91FE5361E25D2E /* DesignSystem.swift */; };
		E87776FC1B8A2F689FA6C27B /* StorageManager.swift in Sources */ = {isa = PBXBuildFile; fileRef = C048BBD132BD16DE6F6D6B57 /* StorageManager.swift */; };
/* End PBXBuildFile section */

/* Begin PBXFileReference section */
		131D614AD4856D74CCA7198A /* SettingsManager.swift */ = {isa = PBXFileReference; includeInIndex = 1; lastKnownFileType = sourcecode.swift; path = SettingsManager.swift; sourceTree = "<group>"; };
		16F1F01EEFBBBF531E240525 /* HapticFeedbackManager.swift */ = {isa = PBXFileReference; includeInIndex = 1; lastKnownFileType = sourcecode.swift; path = HapticFeedbackManager.swift; sourceTree = "<group>"; };
		17252F9D08595F836950FE58 /* VideoQuality.swift */ = {isa = PBXFileReference; includeInIndex = 1; lastKnownFileType = sourcecode.swift; path = VideoQuality.swift; sourceTree = "<group>"; };
		20692F49C74B0B53711886BD /* VisualCountdownView.swift */ = {isa = PBXFileReference; includeInIndex = 1; lastKnownFileType = sourcecode.swift; path = VisualCountdownView.swift; sourceTree = "<group>"; };
		51797252ED03CAC80FFE54B3 /* AudioManager.swift */ = {isa = PBXFileReference; includeInIndex = 1; lastKnownFileType = sourcecode.swift; path = AudioManager.swift; sourceTree = "<group>"; };
		6137DCC063E83726503F4551 /* StartupOptimizer.swift */ = {isa = PBXFileReference; includeInIndex = 1; lastKnownFileType = sourcecode.swift; path = StartupOptimizer.swift; sourceTree = "<group>"; };
		619B7795ACEC68A7967E9FF1 /* MemoryManager.swift */ = {isa = PBXFileReference; includeInIndex = 1; lastKnownFileType = sourcecode.swift; path = MemoryManager.swift; sourceTree = "<group>"; };
		89DDCA7444D82DE363B1A05E /* TripleOutputControlView.swift */ = {isa = PBXFileReference; includeInIndex = 1; lastKnownFileType = sourcecode.swift; path = TripleOutputControlView.swift; sourceTree = "<group>"; };
		8BF11CFBE3ADAEE1B83C98C3 /* ErrorHandlingManager.swift */ = {isa = PBXFileReference; includeInIndex = 1; lastKnownFileType = sourcecode.swift; path = ErrorHandlingManager.swift; sourceTree = "<group>"; };
		9497073E94A938BA551F9CBE /* ModernGlassButton.swift */ = {isa = PBXFileReference; includeInIndex = 1; lastKnownFileType = sourcecode.swift; path = ModernGlassButton.swift; sourceTree = "<group>"; };
		A1000001294A0000000000000 /* DualCameraApp.app */ = {isa = PBXFileReference; explicitFileType = wrapper.application; includeInIndex = 0; path = DualCameraApp.app; sourceTree = BUILT_PRODUCTS_DIR; };
		A1000002294A0000000000001 /* AppDelegate.swift */ = {isa = PBXFileReference; lastKnownFileType = sourcecode.swift; path = AppDelegate.swift; sourceTree = "<group>"; };
		A1000004294A0000000000001 /* SceneDelegate.swift */ = {isa = PBXFileReference; lastKnownFileType = sourcecode.swift; path = SceneDelegate.swift; sourceTree = "<group>"; };
		A1000006294A0000000000001 /* ViewController.swift */ = {isa = PBXFileReference; lastKnownFileType = sourcecode.swift; path = ViewController.swift; sourceTree = "<group>"; };
		A1000008294A0000000000001 /* DualCameraManager.swift */ = {isa = PBXFileReference; lastKnownFileType = sourcecode.swift; path = DualCameraManager.swift; sourceTree = "<group>"; };
		A1000010294A0000000000001 /* VideoMerger.swift */ = {isa = PBXFileReference; lastKnownFileType = sourcecode.swift; path = VideoMerger.swift; sourceTree = "<group>"; };
		A1000012294A0000000000001 /* GlassmorphismView.swift */ = {isa = PBXFileReference; lastKnownFileType = sourcecode.swift; path = GlassmorphismView.swift; sourceTree = "<group>"; };
		A1000014294A0000000000001 /* LaunchScreen.storyboard */ = {isa = PBXFileReference; lastKnownFileType = file.storyboard; path = LaunchScreen.storyboard; sourceTree = "<group>"; };
		A1000016294A0000000000001 /* Assets.xcassets */ = {isa = PBXFileReference; lastKnownFileType = folder.assetcatalog; path = Assets.xcassets; sourceTree = "<group>"; };
		A1000017294A0000000000001 /* Info.plist */ = {isa = PBXFileReference; lastKnownFileType = text.plist.xml; path = Info.plist; sourceTree = "<group>"; };
		A1000025294A0000000000001 /* VideoGalleryViewController.swift */ = {isa = PBXFileReference; lastKnownFileType = sourcecode.swift; path = VideoGalleryViewController.swift; sourceTree = "<group>"; };
		A1000027294A0000000000001 /* FrameCompositor.swift */ = {isa = PBXFileReference; lastKnownFileType = sourcecode.swift; path = FrameCompositor.swift; sourceTree = "<group>"; };
		A1000029294A0000000000001 /* PerformanceMonitor.swift */ = {isa = PBXFileReference; lastKnownFileType = sourcecode.swift; path = PerformanceMonitor.swift; sourceTree = "<group>"; };
		A1000031294A0000000000001 /* PermissionManager.swift */ = {isa = PBXFileReference; lastKnownFileType = sourcecode.swift; path = PermissionManager.swift; sourceTree = "<group>"; };
		A1000033294A0000000000001 /* CameraPreviewView.swift */ = {isa = PBXFileReference; lastKnownFileType = sourcecode.swift; path = CameraPreviewView.swift; sourceTree = "<group>"; };
		A4CA58005DF586397D2CC54E /* CameraControlsView.swift */ = {isa = PBXFileReference; includeInIndex = 1; lastKnownFileType = sourcecode.swift; path = CameraControlsView.swift; sourceTree = "<group>"; };
		A757744EFD73B001BD2210D8 /* BatteryManager.swift */ = {isa = PBXFileReference; includeInIndex = 1; lastKnownFileType = sourcecode.swift; path = BatteryManager.swift; sourceTree = "<group>"; };
		AF7540A216277A8B87D046DB /* ContentView.swift */ = {isa = PBXFileReference; includeInIndex = 1; lastKnownFileType = sourcecode.swift; path = ContentView.swift; sourceTree = "<group>"; };
		C048BBD132BD16DE6F6D6B57 /* StorageManager.swift */ = {isa = PBXFileReference; includeInIndex = 1; lastKnownFileType = sourcecode.swift; path = StorageManager.swift; sourceTree = "<group>"; };
		C209188E3C80E94D70AF972F /* ThermalManager.swift */ = {isa = PBXFileReference; includeInIndex = 1; lastKnownFileType = sourcecode.swift; path = ThermalManager.swift; sourceTree = "<group>"; };
		D6ED4FB422F00F4730B2A36C /* AudioControlsView.swift */ = {isa = PBXFileReference; includeInIndex = 1; lastKnownFileType = sourcecode.swift; path = AudioControlsView.swift; sourceTree = "<group>"; };
		DC749B48E761859DBE734A3A /* AdvancedCameraControlsManager.swift */ = {isa = PBXFileReference; includeInIndex = 1; lastKnownFileType = sourcecode.swift; path = AdvancedCameraControlsManager.swift; sourceTree = "<group>"; };
		E6A855E0AA91FE5361E25D2E /* DesignSystem.swift */ = {isa = PBXFileReference; includeInIndex = 1; lastKnownFileType = sourcecode.swift; path = DesignSystem.swift; sourceTree = "<group>"; };
		FF37E2854B01B45FCB5BFC45 /* Extensions.swift */ = {isa = PBXFileReference; includeInIndex = 1; lastKnownFileType = sourcecode.swift; path = Extensions.swift; sourceTree = "<group>"; };
/* End PBXFileReference section */

/* Begin PBXFrameworksBuildPhase section */
		A1000000294A0000000000000 /* Frameworks */ = {
			isa = PBXFrameworksBuildPhase;
			buildActionMask = 2147483647;
			files = (
			);
			runOnlyForDeploymentPostprocessing = 0;
		};
/* End PBXFrameworksBuildPhase section */

/* Begin PBXGroup section */
		A0999999294A0000000000000 = {
			isa = PBXGroup;
			children = (
				A1000018294A0000000000001 /* DualCameraApp */,
				A1000019294A0000000000001 /* Products */,
			);
			sourceTree = "<group>";
		};
		A1000018294A0000000000001 /* DualCameraApp */ = {
			isa = PBXGroup;
			children = (
				A1000002294A0000000000001 /* AppDelegate.swift */,
				A1000004294A0000000000001 /* SceneDelegate.swift */,
				A1000006294A0000000000001 /* ViewController.swift */,
				A1000008294A0000000000001 /* DualCameraManager.swift */,
				A1000010294A0000000000001 /* VideoMerger.swift */,
				A1000012294A0000000000001 /* GlassmorphismView.swift */,
				A1000025294A0000000000001 /* VideoGalleryViewController.swift */,
				A1000027294A0000000000001 /* FrameCompositor.swift */,
				A1000029294A0000000000001 /* PerformanceMonitor.swift */,
				A1000031294A0000000000001 /* PermissionManager.swift */,
				A1000033294A0000000000001 /* CameraPreviewView.swift */,
				A1000016294A0000000000001 /* Assets.xcassets */,
				A1000014294A0000000000001 /* LaunchScreen.storyboard */,
				A1000017294A0000000000001 /* Info.plist */,
				FF37E2854B01B45FCB5BFC45 /* Extensions.swift */,
				8BF11CFBE3ADAEE1B83C98C3 /* ErrorHandlingManager.swift */,
				16F1F01EEFBBBF531E240525 /* HapticFeedbackManager.swift */,
				51797252ED03CAC80FFE54B3 /* AudioManager.swift */,
				619B7795ACEC68A7967E9FF1 /* MemoryManager.swift */,
				C048BBD132BD16DE6F6D6B57 /* StorageManager.swift */,
				A757744EFD73B001BD2210D8 /* BatteryManager.swift */,
				20692F49C74B0B53711886BD /* VisualCountdownView.swift */,
				17252F9D08595F836950FE58 /* VideoQuality.swift */,
				6137DCC063E83726503F4551 /* StartupOptimizer.swift */,
				C209188E3C80E94D70AF972F /* ThermalManager.swift */,
				89DDCA7444D82DE363B1A05E /* TripleOutputControlView.swift */,
				D6ED4FB422F00F4730B2A36C /* AudioControlsView.swift */,
				AF7540A216277A8B87D046DB /* ContentView.swift */,
				DC749B48E761859DBE734A3A /* AdvancedCameraControlsManager.swift */,
				131D614AD4856D74CCA7198A /* SettingsManager.swift */,
				A4CA58005DF586397D2CC54E /* CameraControlsView.swift */,
				E6A855E0AA91FE5361E25D2E /* DesignSystem.swift */,
				9497073E94A938BA551F9CBE /* ModernGlassButton.swift */,
			);
			path = DualCameraApp;
			sourceTree = "<group>";
		};
		A1000019294A0000000000001 /* Products */ = {
			isa = PBXGroup;
			children = (
				A1000001294A0000000000000 /* DualCameraApp.app */,
			);
			name = Products;
			sourceTree = "<group>";
		};
/* End PBXGroup section */

/* Begin PBXNativeTarget section */
		A1000020294A0000000000000 /* DualCameraApp */ = {
			isa = PBXNativeTarget;
			buildConfigurationList = A1000021294A0000000000000 /* Build configuration list for PBXNativeTarget "DualCameraApp" */;
			buildPhases = (
				A1000022294A0000000000000 /* Sources */,
				A1000000294A0000000000000 /* Frameworks */,
				A1000023294A0000000000000 /* Resources */,
			);
			buildRules = (
			);
			dependencies = (
			);
			name = DualCameraApp;
			productName = DualCameraApp;
			productReference = A1000001294A0000000000000 /* DualCameraApp.app */;
			productType = "com.apple.product-type.application";
		};
/* End PBXNativeTarget section */

/* Begin PBXProject section */
		A0999998294A0000000000000 /* Project object */ = {
			isa = PBXProject;
			attributes = {
				BuildIndependentTargetsInParallel = 1;
				LastSwiftUpdateCheck = 1500;
				LastUpgradeCheck = 2600;
				TargetAttributes = {
					A1000020294A0000000000000 = {
						CreatedOnToolsVersion = 15.0;
					};
				};
			};
			buildConfigurationList = A0999997294A0000000000000 /* Build configuration list for PBXProject "DualCameraApp" */;
			compatibilityVersion = "Xcode 14.0";
			developmentRegion = en;
			hasScannedForEncodings = 0;
			knownRegions = (
				en,
				Base,
			);
			mainGroup = A0999999294A0000000000000;
			productRefGroup = A1000019294A0000000000001 /* Products */;
			projectDirPath = "";
			projectRoot = "";
			targets = (
				A1000020294A0000000000000 /* DualCameraApp */,
			);
		};
/* End PBXProject section */

/* Begin PBXResourcesBuildPhase section */
		A1000023294A0000000000000 /* Resources */ = {
			isa = PBXResourcesBuildPhase;
			buildActionMask = 2147483647;
			files = (
				A1000013294A0000000000001 /* LaunchScreen.storyboard in Resources */,
				A1000015294A0000000000001 /* Assets.xcassets in Resources */,
			);
			runOnlyForDeploymentPostprocessing = 0;
		};
/* End PBXResourcesBuildPhase section */

/* Begin PBXSourcesBuildPhase section */
		A1000022294A0000000000000 /* Sources */ = {
			isa = PBXSourcesBuildPhase;
			buildActionMask = 2147483647;
			files = (
				A1000005294A0000000000001 /* ViewController.swift in Sources */,
				A1000001294A0000000000001 /* AppDelegate.swift in Sources */,
				A1000003294A0000000000001 /* SceneDelegate.swift in Sources */,
				A1000007294A0000000000001 /* DualCameraManager.swift in Sources */,
				A1000009294A0000000000001 /* VideoMerger.swift in Sources */,
				A1000011294A0000000000001 /* GlassmorphismView.swift in Sources */,
				A1000024294A0000000000001 /* VideoGalleryViewController.swift in Sources */,
				A1000026294A0000000000001 /* FrameCompositor.swift in Sources */,
				A1000028294A0000000000001 /* PerformanceMonitor.swift in Sources */,
				A1000030294A0000000000001 /* PermissionManager.swift in Sources */,
				A1000032294A0000000000001 /* CameraPreviewView.swift in Sources */,
				8DFCA3A4DA5F29C3FAC177A7 /* Extensions.swift in Sources */,
				07664C44CFE9C9388D625DBE /* ErrorHandlingManager.swift in Sources */,
				CB10FC1B13DBEC6B05EBC9DF /* HapticFeedbackManager.swift in Sources */,
				7DB93E0873BEA11EDB16CAE6 /* AudioManager.swift in Sources */,
				3D514D7345938CC1D1CE4779 /* MemoryManager.swift in Sources */,
				E87776FC1B8A2F689FA6C27B /* StorageManager.swift in Sources */,
				5765CFA44D46E69AE82B2122 /* BatteryManager.swift in Sources */,
				72B04DC27F0DF4791A0C3886 /* VisualCountdownView.swift in Sources */,
				46C068978873CC24B8F61D12 /* VideoQuality.swift in Sources */,
				5869F7337293BE33BC8554BE /* StartupOptimizer.swift in Sources */,
				800B815A134E4E6C993A5BFE /* ThermalManager.swift in Sources */,
				4A988EF501A0EC8F40AD1F88 /* TripleOutputControlView.swift in Sources */,
				081D365AD65ADD447CA5F2D2 /* AudioControlsView.swift in Sources */,
				31627D0D77FA292CFDF0B17D /* ContentView.swift in Sources */,
				5255AAD6154E394DC840655E /* AdvancedCameraControlsManager.swift in Sources */,
				BCD64404782FFD8A5405A81C /* SettingsManager.swift in Sources */,
				7D464E6A4483F51E5D8A87D7 /* CameraControlsView.swift in Sources */,
				D75403C38BB8AD8676A39D16 /* DesignSystem.swift in Sources */,
				2375B452EEDF1DBBCD63FE4C /* ModernGlassButton.swift in Sources */,
			);
			runOnlyForDeploymentPostprocessing = 0;
		};
/* End PBXSourcesBuildPhase section */

/* Begin XCBuildConfiguration section */
		A0999993294A0000000000000 /* Release */ = {
			isa = XCBuildConfiguration;
			buildSettings = {
				ASSETCATALOG_COMPILER_APPICON_NAME = AppIcon;
				ASSETCATALOG_COMPILER_GLOBAL_ACCENT_COLOR_NAME = AccentColor;
				CODE_SIGN_STYLE = Automatic;
				CURRENT_PROJECT_VERSION = 1;
				GENERATE_INFOPLIST_FILE = NO;
				INFOPLIST_FILE = Info.plist;
				INFOPLIST_KEY_NSCameraUsageDescription = "This app needs camera access to record dual camera videos";
				INFOPLIST_KEY_NSMicrophoneUsageDescription = "This app needs microphone access to record audio with videos";
				INFOPLIST_KEY_UIApplicationSupportsIndirectInputEvents = YES;
				INFOPLIST_KEY_UILaunchStoryboardName = LaunchScreen;
				INFOPLIST_KEY_UISupportedInterfaceOrientations = UIInterfaceOrientationPortrait;
				INFOPLIST_KEY_UISupportedInterfaceOrientations_iPad = "UIInterfaceOrientationLandscapeLeft UIInterfaceOrientationLandscapeRight UIInterfaceOrientationPortrait UIInterfaceOrientationPortraitUpsideDown";
				LD_RUNPATH_SEARCH_PATHS = (
					"$(inherited)",
					"@executable_path/Frameworks",
				);
				MARKETING_VERSION = 1.0;
				PRODUCT_BUNDLE_IDENTIFIER = com.dualcamera.app;
				PRODUCT_NAME = "$(TARGET_NAME)";
				SUPPORTED_PLATFORMS = "iphoneos iphonesimulator";
				SUPPORTS_MACCATALYST = NO;
				SUPPORTS_MAC_DESIGNED_FOR_IPHONE_IPAD = NO;
				SWIFT_EMIT_LOC_STRINGS = YES;
				SWIFT_VERSION = 5.0;
				TARGETED_DEVICE_FAMILY = 1;
			};
			name = Release;
		};
		A0999994294A0000000000000 /* Debug */ = {
			isa = XCBuildConfiguration;
			buildSettings = {
				ASSETCATALOG_COMPILER_APPICON_NAME = AppIcon;
				ASSETCATALOG_COMPILER_GLOBAL_ACCENT_COLOR_NAME = AccentColor;
				CODE_SIGN_STYLE = Automatic;
				CURRENT_PROJECT_VERSION = 1;
				GENERATE_INFOPLIST_FILE = NO;
				INFOPLIST_FILE = Info.plist;
				INFOPLIST_KEY_NSCameraUsageDescription = "This app needs camera access to record dual camera videos";
				INFOPLIST_KEY_NSMicrophoneUsageDescription = "This app needs microphone access to record audio with videos";
				INFOPLIST_KEY_UIApplicationSupportsIndirectInputEvents = YES;
				INFOPLIST_KEY_UILaunchStoryboardName = LaunchScreen;
				INFOPLIST_KEY_UISupportedInterfaceOrientations = UIInterfaceOrientationPortrait;
				INFOPLIST_KEY_UISupportedInterfaceOrientations_iPad = "UIInterfaceOrientationLandscapeLeft UIInterfaceOrientationLandscapeRight UIInterfaceOrientationPortrait UIInterfaceOrientationPortraitUpsideDown";
				LD_RUNPATH_SEARCH_PATHS = (
					"$(inherited)",
					"@executable_path/Frameworks",
				);
				MARKETING_VERSION = 1.0;
				PRODUCT_BUNDLE_IDENTIFIER = com.dualcamera.app;
				PRODUCT_NAME = "$(TARGET_NAME)";
				SUPPORTED_PLATFORMS = "iphoneos iphonesimulator";
				SUPPORTS_MACCATALYST = NO;
				SUPPORTS_MAC_DESIGNED_FOR_IPHONE_IPAD = NO;
				SWIFT_EMIT_LOC_STRINGS = YES;
				SWIFT_VERSION = 5.0;
				TARGETED_DEVICE_FAMILY = 1;
			};
			name = Debug;
		};
		A0999995294A0000000000000 /* Release */ = {
			isa = XCBuildConfiguration;
			buildSettings = {
				ALWAYS_SEARCH_USER_PATHS = NO;
				ASSETCATALOG_COMPILER_GENERATE_SWIFT_ASSET_SYMBOL_EXTENSIONS = YES;
				CLANG_ANALYZER_NONNULL = YES;
				CLANG_ANALYZER_NUMBER_OBJECT_CONVERSION = YES_AGGRESSIVE;
				CLANG_CXX_LANGUAGE_STANDARD = "gnu++20";
				CLANG_ENABLE_MODULES = YES;
				CLANG_ENABLE_OBJC_ARC = YES;
				CLANG_ENABLE_OBJC_WEAK = YES;
				CLANG_WARN_BLOCK_CAPTURE_AUTORELEASING = YES;
				CLANG_WARN_BOOL_CONVERSION = YES;
				CLANG_WARN_COMMA = YES;
				CLANG_WARN_CONSTANT_CONVERSION = YES;
				CLANG_WARN_DEPRECATED_OBJC_IMPLEMENTATIONS = YES;
				CLANG_WARN_DIRECT_OBJC_ISA_USAGE = YES_ERROR;
				CLANG_WARN_DOCUMENTATION_COMMENTS = YES;
				CLANG_WARN_EMPTY_BODY = YES;
				CLANG_WARN_ENUM_CONVERSION = YES;
				CLANG_WARN_INFINITE_RECURSION = YES;
				CLANG_WARN_INT_CONVERSION = YES;
				CLANG_WARN_NON_LITERAL_NULL_CONVERSION = YES;
				CLANG_WARN_OBJC_IMPLICIT_RETAIN_SELF = YES;
				CLANG_WARN_OBJC_LITERAL_CONVERSION = YES;
				CLANG_WARN_OBJC_ROOT_CLASS = YES_ERROR;
				CLANG_WARN_QUOTED_INCLUDE_IN_FRAMEWORK_HEADER = YES;
				CLANG_WARN_RANGE_LOOP_ANALYSIS = YES;
				CLANG_WARN_STRICT_PROTOTYPES = YES;
				CLANG_WARN_SUSPICIOUS_MOVE = YES;
				CLANG_WARN_UNGUARDED_AVAILABILITY = YES_AGGRESSIVE;
				CLANG_WARN_UNREACHABLE_CODE = YES;
				CLANG_WARN__DUPLICATE_METHOD_MATCH = YES;
				COPY_PHASE_STRIP = NO;
				DEBUG_INFORMATION_FORMAT = "dwarf-with-dsym";
				DEVELOPMENT_TEAM = Y4NZ65U5X7;
				ENABLE_NS_ASSERTIONS = NO;
				ENABLE_STRICT_OBJC_MSGSEND = YES;
				ENABLE_USER_SCRIPT_SANDBOXING = YES;
				GCC_C_LANGUAGE_STANDARD = gnu17;
				GCC_NO_COMMON_BLOCKS = YES;
				GCC_WARN_64_TO_32_BIT_CONVERSION = YES;
				GCC_WARN_ABOUT_RETURN_TYPE = YES_ERROR;
				GCC_WARN_UNDECLARED_SELECTOR = YES;
				GCC_WARN_UNINITIALIZED_AUTOS = YES_AGGRESSIVE;
				GCC_WARN_UNUSED_FUNCTION = YES;
				GCC_WARN_UNUSED_VARIABLE = YES;
				IPHONEOS_DEPLOYMENT_TARGET = 15.0;
				LOCALIZATION_PREFERS_STRING_CATALOGS = YES;
				MTL_ENABLE_DEBUG_INFO = NO;
				MTL_FAST_MATH = YES;
				SDKROOT = iphoneos;
				STRING_CATALOG_GENERATE_SYMBOLS = YES;
				SWIFT_COMPILATION_MODE = wholemodule;
				VALIDATE_PRODUCT = YES;
			};
			name = Release;
		};
		A0999996294A0000000000000 /* Debug */ = {
			isa = XCBuildConfiguration;
			buildSettings = {
				ALWAYS_SEARCH_USER_PATHS = NO;
				ASSETCATALOG_COMPILER_GENERATE_SWIFT_ASSET_SYMBOL_EXTENSIONS = YES;
				CLANG_ANALYZER_NONNULL = YES;
				CLANG_ANALYZER_NUMBER_OBJECT_CONVERSION = YES_AGGRESSIVE;
				CLANG_CXX_LANGUAGE_STANDARD = "gnu++20";
				CLANG_ENABLE_MODULES = YES;
				CLANG_ENABLE_OBJC_ARC = YES;
				CLANG_ENABLE_OBJC_WEAK = YES;
				CLANG_WARN_BLOCK_CAPTURE_AUTORELEASING = YES;
				CLANG_WARN_BOOL_CONVERSION = YES;
				CLANG_WARN_COMMA = YES;
				CLANG_WARN_CONSTANT_CONVERSION = YES;
				CLANG_WARN_DEPRECATED_OBJC_IMPLEMENTATIONS = YES;
				CLANG_WARN_DIRECT_OBJC_ISA_USAGE = YES_ERROR;
				CLANG_WARN_DOCUMENTATION_COMMENTS = YES;
				CLANG_WARN_EMPTY_BODY = YES;
				CLANG_WARN_ENUM_CONVERSION = YES;
				CLANG_WARN_INFINITE_RECURSION = YES;
				CLANG_WARN_INT_CONVERSION = YES;
				CLANG_WARN_NON_LITERAL_NULL_CONVERSION = YES;
				CLANG_WARN_OBJC_IMPLICIT_RETAIN_SELF = YES;
				CLANG_WARN_OBJC_LITERAL_CONVERSION = YES;
				CLANG_WARN_OBJC_ROOT_CLASS = YES_ERROR;
				CLANG_WARN_QUOTED_INCLUDE_IN_FRAMEWORK_HEADER = YES;
				CLANG_WARN_RANGE_LOOP_ANALYSIS = YES;
				CLANG_WARN_STRICT_PROTOTYPES = YES;
				CLANG_WARN_SUSPICIOUS_MOVE = YES;
				CLANG_WARN_UNGUARDED_AVAILABILITY = YES_AGGRESSIVE;
				CLANG_WARN_UNREACHABLE_CODE = YES;
				CLANG_WARN__DUPLICATE_METHOD_MATCH = YES;
				COPY_PHASE_STRIP = NO;
				DEBUG_INFORMATION_FORMAT = dwarf;
				DEVELOPMENT_TEAM = Y4NZ65U5X7;
				ENABLE_STRICT_OBJC_MSGSEND = YES;
				ENABLE_TESTABILITY = YES;
				ENABLE_USER_SCRIPT_SANDBOXING = YES;
				GCC_C_LANGUAGE_STANDARD = gnu17;
				GCC_DYNAMIC_NO_PIC = NO;
				GCC_NO_COMMON_BLOCKS = YES;
				GCC_OPTIMIZATION_LEVEL = 0;
				GCC_PREPROCESSOR_DEFINITIONS = (
					"DEBUG=1",
					"$(inherited)",
				);
				GCC_WARN_64_TO_32_BIT_CONVERSION = YES;
				GCC_WARN_ABOUT_RETURN_TYPE = YES_ERROR;
				GCC_WARN_UNDECLARED_SELECTOR = YES;
				GCC_WARN_UNINITIALIZED_AUTOS = YES_AGGRESSIVE;
				GCC_WARN_UNUSED_FUNCTION = YES;
				GCC_WARN_UNUSED_VARIABLE = YES;
				IPHONEOS_DEPLOYMENT_TARGET = 15.0;
				LOCALIZATION_PREFERS_STRING_CATALOGS = YES;
				MTL_ENABLE_DEBUG_INFO = INCLUDE_SOURCE;
				MTL_FAST_MATH = YES;
				ONLY_ACTIVE_ARCH = YES;
				SDKROOT = iphoneos;
				STRING_CATALOG_GENERATE_SYMBOLS = YES;
				SWIFT_ACTIVE_COMPILATION_CONDITIONS = "DEBUG $(inherited)";
				SWIFT_OPTIMIZATION_LEVEL = "-Onone";
			};
			name = Debug;
		};
/* End XCBuildConfiguration section */

/* Begin XCConfigurationList section */
		A0999997294A0000000000000 /* Build configuration list for PBXProject "DualCameraApp" */ = {
			isa = XCConfigurationList;
			buildConfigurations = (
				A0999996294A0000000000000 /* Debug */,
				A0999995294A0000000000000 /* Release */,
			);
			defaultConfigurationIsVisible = 0;
			defaultConfigurationName = Release;
		};
		A1000021294A0000000000000 /* Build configuration list for PBXNativeTarget "DualCameraApp" */ = {
			isa = XCConfigurationList;
			buildConfigurations = (
				A0999994294A0000000000000 /* Debug */,
				A0999993294A0000000000000 /* Release */,
			);
			defaultConfigurationIsVisible = 0;
			defaultConfigurationName = Release;
		};
/* End XCConfigurationList section */
	};
	rootObject = A0999998294A0000000000000 /* Project object */;
}
